// !$*UTF8*$!
{
	archiveVersion = 1;
	classes = {
	};
	objectVersion = 50;
	objects = {

/* Begin PBXBuildFile section */
		3F93B33825B6590D008B2F66 /* AppDelegate.swift in Sources */ = {isa = PBXBuildFile; fileRef = 3F93B33725B6590D008B2F66 /* AppDelegate.swift */; };
		3F93B33A25B6590D008B2F66 /* SceneDelegate.swift in Sources */ = {isa = PBXBuildFile; fileRef = 3F93B33925B6590D008B2F66 /* SceneDelegate.swift */; };
		3F93B33C25B6590D008B2F66 /* ViewController.swift in Sources */ = {isa = PBXBuildFile; fileRef = 3F93B33B25B6590D008B2F66 /* ViewController.swift */; };
		3F93B33F25B6590D008B2F66 /* Main.storyboard in Resources */ = {isa = PBXBuildFile; fileRef = 3F93B33D25B6590D008B2F66 /* Main.storyboard */; };
		3F93B34125B65914008B2F66 /* Assets.xcassets in Resources */ = {isa = PBXBuildFile; fileRef = 3F93B34025B65914008B2F66 /* Assets.xcassets */; };
		3F93B34425B65914008B2F66 /* LaunchScreen.storyboard in Resources */ = {isa = PBXBuildFile; fileRef = 3F93B34225B65914008B2F66 /* LaunchScreen.storyboard */; };
		3F93B34E25D726E7008B2F66 /* PackageViewCell.swift in Sources */ = {isa = PBXBuildFile; fileRef = 3F93B34D25D726E7008B2F66 /* PackageViewCell.swift */; };
/* End PBXBuildFile section */

/* Begin PBXFileReference section */
		3F93B33425B6590D008B2F66 /* Hostie.app */ = {isa = PBXFileReference; explicitFileType = wrapper.application; includeInIndex = 0; path = Hostie.app; sourceTree = BUILT_PRODUCTS_DIR; };
		3F93B33725B6590D008B2F66 /* AppDelegate.swift */ = {isa = PBXFileReference; lastKnownFileType = sourcecode.swift; path = AppDelegate.swift; sourceTree = "<group>"; };
		3F93B33925B6590D008B2F66 /* SceneDelegate.swift */ = {isa = PBXFileReference; lastKnownFileType = sourcecode.swift; path = SceneDelegate.swift; sourceTree = "<group>"; };
		3F93B33B25B6590D008B2F66 /* ViewController.swift */ = {isa = PBXFileReference; lastKnownFileType = sourcecode.swift; path = ViewController.swift; sourceTree = "<group>"; };
		3F93B33E25B6590D008B2F66 /* Base */ = {isa = PBXFileReference; lastKnownFileType = file.storyboard; name = Base; path = Base.lproj/Main.storyboard; sourceTree = "<group>"; };
		3F93B34025B65914008B2F66 /* Assets.xcassets */ = {isa = PBXFileReference; lastKnownFileType = folder.assetcatalog; path = Assets.xcassets; sourceTree = "<group>"; };
		3F93B34325B65914008B2F66 /* Base */ = {isa = PBXFileReference; lastKnownFileType = file.storyboard; name = Base; path = Base.lproj/LaunchScreen.storyboard; sourceTree = "<group>"; };
		3F93B34525B65914008B2F66 /* Info.plist */ = {isa = PBXFileReference; lastKnownFileType = text.plist.xml; path = Info.plist; sourceTree = "<group>"; };
		3F93B34D25D726E7008B2F66 /* PackageViewCell.swift */ = {isa = PBXFileReference; lastKnownFileType = sourcecode.swift; path = PackageViewCell.swift; sourceTree = "<group>"; };
/* End PBXFileReference section */

/* Begin PBXFrameworksBuildPhase section */
		3F93B33125B6590D008B2F66 /* Frameworks */ = {
			isa = PBXFrameworksBuildPhase;
			buildActionMask = 2147483647;
			files = (
			);
			runOnlyForDeploymentPostprocessing = 0;
		};
/* End PBXFrameworksBuildPhase section */

/* Begin PBXGroup section */
		3F93B32B25B6590D008B2F66 = {
			isa = PBXGroup;
			children = (
				3F93B33625B6590D008B2F66 /* Hostie */,
				3F93B33525B6590D008B2F66 /* Products */,
			);
			sourceTree = "<group>";
		};
		3F93B33525B6590D008B2F66 /* Products */ = {
			isa = PBXGroup;
			children = (
				3F93B33425B6590D008B2F66 /* Hostie.app */,
			);
			name = Products;
			sourceTree = "<group>";
		};
		3F93B33625B6590D008B2F66 /* Hostie */ = {
			isa = PBXGroup;
			children = (
				3F93B33725B6590D008B2F66 /* AppDelegate.swift */,
				3F93B33925B6590D008B2F66 /* SceneDelegate.swift */,
				3F93B33B25B6590D008B2F66 /* ViewController.swift */,
				3F93B33D25B6590D008B2F66 /* Main.storyboard */,
				3F93B34025B65914008B2F66 /* Assets.xcassets */,
				3F93B34225B65914008B2F66 /* LaunchScreen.storyboard */,
				3F93B34525B65914008B2F66 /* Info.plist */,
				3F93B34D25D726E7008B2F66 /* PackageViewCell.swift */,
			);
			path = Hostie;
			sourceTree = "<group>";
		};
/* End PBXGroup section */

/* Begin PBXNativeTarget section */
		3F93B33325B6590D008B2F66 /* Hostie */ = {
			isa = PBXNativeTarget;
			buildConfigurationList = 3F93B34825B65914008B2F66 /* Build configuration list for PBXNativeTarget "Hostie" */;
			buildPhases = (
				3F93B33025B6590D008B2F66 /* Sources */,
				3F93B33125B6590D008B2F66 /* Frameworks */,
				3F93B33225B6590D008B2F66 /* Resources */,
			);
			buildRules = (
			);
			dependencies = (
			);
			name = Hostie;
			productName = Hostie;
			productReference = 3F93B33425B6590D008B2F66 /* Hostie.app */;
			productType = "com.apple.product-type.application";
		};
/* End PBXNativeTarget section */

/* Begin PBXProject section */
		3F93B32C25B6590D008B2F66 /* Project object */ = {
			isa = PBXProject;
			attributes = {
				LastSwiftUpdateCheck = 1230;
				LastUpgradeCheck = 1230;
				TargetAttributes = {
					3F93B33325B6590D008B2F66 = {
						CreatedOnToolsVersion = 12.3;
					};
				};
			};
			buildConfigurationList = 3F93B32F25B6590D008B2F66 /* Build configuration list for PBXProject "Hostie" */;
			compatibilityVersion = "Xcode 9.3";
			developmentRegion = en;
			hasScannedForEncodings = 0;
			knownRegions = (
				en,
				Base,
			);
			mainGroup = 3F93B32B25B6590D008B2F66;
			productRefGroup = 3F93B33525B6590D008B2F66 /* Products */;
			projectDirPath = "";
			projectRoot = "";
			targets = (
				3F93B33325B6590D008B2F66 /* Hostie */,
			);
		};
/* End PBXProject section */

/* Begin PBXResourcesBuildPhase section */
		3F93B33225B6590D008B2F66 /* Resources */ = {
			isa = PBXResourcesBuildPhase;
			buildActionMask = 2147483647;
			files = (
				3F93B34425B65914008B2F66 /* LaunchScreen.storyboard in Resources */,
				3F93B34125B65914008B2F66 /* Assets.xcassets in Resources */,
				3F93B33F25B6590D008B2F66 /* Main.storyboard in Resources */,
			);
			runOnlyForDeploymentPostprocessing = 0;
		};
/* End PBXResourcesBuildPhase section */

/* Begin PBXSourcesBuildPhase section */
		3F93B33025B6590D008B2F66 /* Sources */ = {
			isa = PBXSourcesBuildPhase;
			buildActionMask = 2147483647;
			files = (
				3F93B33C25B6590D008B2F66 /* ViewController.swift in Sources */,
				3F93B33825B6590D008B2F66 /* AppDelegate.swift in Sources */,
				3F93B33A25B6590D008B2F66 /* SceneDelegate.swift in Sources */,
				3F93B34E25D726E7008B2F66 /* PackageViewCell.swift in Sources */,
			);
			runOnlyForDeploymentPostprocessing = 0;
		};
/* End PBXSourcesBuildPhase section */

/* Begin PBXVariantGroup section */
		3F93B33D25B6590D008B2F66 /* Main.storyboard */ = {
			isa = PBXVariantGroup;
			children = (
				3F93B33E25B6590D008B2F66 /* Base */,
			);
			name = Main.storyboard;
			sourceTree = "<group>";
		};
		3F93B34225B65914008B2F66 /* LaunchScreen.storyboard */ = {
			isa = PBXVariantGroup;
			children = (
				3F93B34325B65914008B2F66 /* Base */,
			);
			name = LaunchScreen.storyboard;
			sourceTree = "<group>";
		};
/* End PBXVariantGroup section */

/* Begin XCBuildConfiguration section */
		3F93B34625B65914008B2F66 /* Debug */ = {
			isa = XCBuildConfiguration;
			buildSettings = {
				ALWAYS_SEARCH_USER_PATHS = NO;
				CLANG_ANALYZER_NONNULL = YES;
				CLANG_ANALYZER_NUMBER_OBJECT_CONVERSION = YES_AGGRESSIVE;
				CLANG_CXX_LANGUAGE_STANDARD = "gnu++14";
				CLANG_CXX_LIBRARY = "libc++";
				CLANG_ENABLE_MODULES = YES;
				CLANG_ENABLE_OBJC_ARC = YES;
				CLANG_ENABLE_OBJC_WEAK = YES;
				CLANG_WARN_BLOCK_CAPTURE_AUTORELEASING = YES;
				CLANG_WARN_BOOL_CONVERSION = YES;
				CLANG_WARN_COMMA = YES;
				CLANG_WARN_CONSTANT_CONVERSION = YES;
				CLANG_WARN_DEPRECATED_OBJC_IMPLEMENTATIONS = YES;
				CLANG_WARN_DIRECT_OBJC_ISA_USAGE = YES_ERROR;
				CLANG_WARN_DOCUMENTATION_COMMENTS = YES;
				CLANG_WARN_EMPTY_BODY = YES;
				CLANG_WARN_ENUM_CONVERSION = YES;
				CLANG_WARN_INFINITE_RECURSION = YES;
				CLANG_WARN_INT_CONVERSION = YES;
				CLANG_WARN_NON_LITERAL_NULL_CONVERSION = YES;
				CLANG_WARN_OBJC_IMPLICIT_RETAIN_SELF = YES;
				CLANG_WARN_OBJC_LITERAL_CONVERSION = YES;
				CLANG_WARN_OBJC_ROOT_CLASS = YES_ERROR;
				CLANG_WARN_QUOTED_INCLUDE_IN_FRAMEWORK_HEADER = YES;
				CLANG_WARN_RANGE_LOOP_ANALYSIS = YES;
				CLANG_WARN_STRICT_PROTOTYPES = YES;
				CLANG_WARN_SUSPICIOUS_MOVE = YES;
				CLANG_WARN_UNGUARDED_AVAILABILITY = YES_AGGRESSIVE;
				CLANG_WARN_UNREACHABLE_CODE = YES;
				CLANG_WARN__DUPLICATE_METHOD_MATCH = YES;
				COPY_PHASE_STRIP = NO;
				DEBUG_INFORMATION_FORMAT = dwarf;
				ENABLE_STRICT_OBJC_MSGSEND = YES;
				ENABLE_TESTABILITY = YES;
				GCC_C_LANGUAGE_STANDARD = gnu11;
				GCC_DYNAMIC_NO_PIC = NO;
				GCC_NO_COMMON_BLOCKS = YES;
				GCC_OPTIMIZATION_LEVEL = 0;
				GCC_PREPROCESSOR_DEFINITIONS = (
					"DEBUG=1",
					"$(inherited)",
				);
				GCC_WARN_64_TO_32_BIT_CONVERSION = YES;
				GCC_WARN_ABOUT_RETURN_TYPE = YES_ERROR;
				GCC_WARN_UNDECLARED_SELECTOR = YES;
				GCC_WARN_UNINITIALIZED_AUTOS = YES_AGGRESSIVE;
				GCC_WARN_UNUSED_FUNCTION = YES;
				GCC_WARN_UNUSED_VARIABLE = YES;
				IPHONEOS_DEPLOYMENT_TARGET = 14.3;
				MTL_ENABLE_DEBUG_INFO = INCLUDE_SOURCE;
				MTL_FAST_MATH = YES;
				ONLY_ACTIVE_ARCH = YES;
				SDKROOT = iphoneos;
				SWIFT_ACTIVE_COMPILATION_CONDITIONS = DEBUG;
				SWIFT_OPTIMIZATION_LEVEL = "-Onone";
			};
			name = Debug;
		};
		3F93B34725B65914008B2F66 /* Release */ = {
			isa = XCBuildConfiguration;
			buildSettings = {
				ALWAYS_SEARCH_USER_PATHS = NO;
				CLANG_ANALYZER_NONNULL = YES;
				CLANG_ANALYZER_NUMBER_OBJECT_CONVERSION = YES_AGGRESSIVE;
				CLANG_CXX_LANGUAGE_STANDARD = "gnu++14";
				CLANG_CXX_LIBRARY = "libc++";
				CLANG_ENABLE_MODULES = YES;
				CLANG_ENABLE_OBJC_ARC = YES;
				CLANG_ENABLE_OBJC_WEAK = YES;
				CLANG_WARN_BLOCK_CAPTURE_AUTORELEASING = YES;
				CLANG_WARN_BOOL_CONVERSION = YES;
				CLANG_WARN_COMMA = YES;
				CLANG_WARN_CONSTANT_CONVERSION = YES;
				CLANG_WARN_DEPRECATED_OBJC_IMPLEMENTATIONS = YES;
				CLANG_WARN_DIRECT_OBJC_ISA_USAGE = YES_ERROR;
				CLANG_WARN_DOCUMENTATION_COMMENTS = YES;
				CLANG_WARN_EMPTY_BODY = YES;
				CLANG_WARN_ENUM_CONVERSION = YES;
				CLANG_WARN_INFINITE_RECURSION = YES;
				CLANG_WARN_INT_CONVERSION = YES;
				CLANG_WARN_NON_LITERAL_NULL_CONVERSION = YES;
				CLANG_WARN_OBJC_IMPLICIT_RETAIN_SELF = YES;
				CLANG_WARN_OBJC_LITERAL_CONVERSION = YES;
				CLANG_WARN_OBJC_ROOT_CLASS = YES_ERROR;
				CLANG_WARN_QUOTED_INCLUDE_IN_FRAMEWORK_HEADER = YES;
				CLANG_WARN_RANGE_LOOP_ANALYSIS = YES;
				CLANG_WARN_STRICT_PROTOTYPES = YES;
				CLANG_WARN_SUSPICIOUS_MOVE = YES;
				CLANG_WARN_UNGUARDED_AVAILABILITY = YES_AGGRESSIVE;
				CLANG_WARN_UNREACHABLE_CODE = YES;
				CLANG_WARN__DUPLICATE_METHOD_MATCH = YES;
				COPY_PHASE_STRIP = NO;
				DEBUG_INFORMATION_FORMAT = "dwarf-with-dsym";
				ENABLE_NS_ASSERTIONS = NO;
				ENABLE_STRICT_OBJC_MSGSEND = YES;
				GCC_C_LANGUAGE_STANDARD = gnu11;
				GCC_NO_COMMON_BLOCKS = YES;
				GCC_WARN_64_TO_32_BIT_CONVERSION = YES;
				GCC_WARN_ABOUT_RETURN_TYPE = YES_ERROR;
				GCC_WARN_UNDECLARED_SELECTOR = YES;
				GCC_WARN_UNINITIALIZED_AUTOS = YES_AGGRESSIVE;
				GCC_WARN_UNUSED_FUNCTION = YES;
				GCC_WARN_UNUSED_VARIABLE = YES;
				IPHONEOS_DEPLOYMENT_TARGET = 14.3;
				MTL_ENABLE_DEBUG_INFO = NO;
				MTL_FAST_MATH = YES;
				SDKROOT = iphoneos;
				SWIFT_COMPILATION_MODE = wholemodule;
				SWIFT_OPTIMIZATION_LEVEL = "-O";
				VALIDATE_PRODUCT = YES;
			};
			name = Release;
		};
		3F93B34925B65914008B2F66 /* Debug */ = {
			isa = XCBuildConfiguration;
			buildSettings = {
				ASSETCATALOG_COMPILER_APPICON_NAME = AppIcon;
				ASSETCATALOG_COMPILER_GLOBAL_ACCENT_COLOR_NAME = AccentColor;
				CODE_SIGN_STYLE = Automatic;
				DEVELOPMENT_TEAM = 7A94HX7ZL2;
				INFOPLIST_FILE = Hostie/Info.plist;
				LD_RUNPATH_SEARCH_PATHS = (
					"$(inherited)",
					"@executable_path/Frameworks",
				);
				PRODUCT_BUNDLE_IDENTIFIER = com.mojtaba.Hostie;
				PRODUCT_NAME = "$(TARGET_NAME)";
				SWIFT_VERSION = 5.0;
				TARGETED_DEVICE_FAMILY = "1,2";
			};
			name = Debug;
		};
		3F93B34A25B65914008B2F66 /* Release */ = {
			isa = XCBuildConfiguration;
			buildSettings = {
				ASSETCATALOG_COMPILER_APPICON_NAME = AppIcon;
				ASSETCATALOG_COMPILER_GLOBAL_ACCENT_COLOR_NAME = AccentColor;
				CODE_SIGN_STYLE = Automatic;
				DEVELOPMENT_TEAM = 7A94HX7ZL2;
				INFOPLIST_FILE = Hostie/Info.plist;
				LD_RUNPATH_SEARCH_PATHS = (
					"$(inherited)",
					"@executable_path/Frameworks",
				);
				PRODUCT_BUNDLE_IDENTIFIER = com.mojtaba.Hostie;
				PRODUCT_NAME = "$(TARGET_NAME)";
				SWIFT_VERSION = 5.0;
				TARGETED_DEVICE_FAMILY = "1,2";
			};
			name = Release;
		};
/* End XCBuildConfiguration section */

/* Begin XCConfigurationList section */
		3F93B32F25B6590D008B2F66 /* Build configuration list for PBXProject "Hostie" */ = {
			isa = XCConfigurationList;
			buildConfigurations = (
				3F93B34625B65914008B2F66 /* Debug */,
				3F93B34725B65914008B2F66 /* Release */,
			);
			defaultConfigurationIsVisible = 0;
			defaultConfigurationName = Release;
		};
		3F93B34825B65914008B2F66 /* Build configuration list for PBXNativeTarget "Hostie" */ = {
			isa = XCConfigurationList;
			buildConfigurations = (
				3F93B34925B65914008B2F66 /* Debug */,
				3F93B34A25B65914008B2F66 /* Release */,
			);
			defaultConfigurationIsVisible = 0;
			defaultConfigurationName = Release;
		};
/* End XCConfigurationList section */
	};
	rootObject = 3F93B32C25B6590D008B2F66 /* Project object */;
}
